
Microsoft Visual Studio Solution File, Format Version 12.00
# Visual Studio Version 17
VisualStudioVersion = 17.0.32014.148
MinimumVisualStudioVersion = 10.0.40219.1
Project("{9A19103F-16F7-4668-BE54-9A1E7A4F7556}") = "Vita.Core.Domain", "Domain\Vita.Core.Domain\Vita.Core.Domain.csproj", "{9EEE8052-41BA-4F38-9656-2B148DF07618}"
EndProject
Project("{2150E333-8FDC-42A3-9474-1A3956D46DE8}") = "Domain", "Domain", "{A2712E74-E66E-449E-B1BE-95DC9F024F13}"
EndProject
Project("{2150E333-8FDC-42A3-9474-1A3956D46DE8}") = "Solution Items", "Solution Items", "{AD1D19D8-BDCA-4B28-8831-D3DEA94D0D18}"
	ProjectSection(SolutionItems) = preProject
		.gitignore = .gitignore
		azure-pipelines.yml = azure-pipelines.yml
		gitversion.yml = gitversion.yml
		README.md = README.md
	EndProjectSection
EndProject
Project("{2150E333-8FDC-42A3-9474-1A3956D46DE8}") = "Infrastructure", "Infrastructure", "{CBB83DE9-0988-4D09-A110-BFC68A364CA6}"
EndProject
Project("{FAE04EC0-301F-11D3-BF4B-00C04F79EFBC}") = "Vita.Core.Infrastructure.Sql", "Vita.Core.Infrastructure\Vita.Core.Infrastructure.Sql.csproj", "{F6010DF6-6AD7-4204-8B78-3A74525FECAA}"
EndProject
Project("{FAE04EC0-301F-11D3-BF4B-00C04F79EFBC}") = "Vita.Core.Infrastructure.AzureServiceBus", "Vita.Core.Infrastructure.Messaging\Vita.Core.Infrastructure.AzureServiceBus.csproj", "{B557B933-4DE6-4079-AACA-162B00FE13AD}"
EndProject
Global
	GlobalSection(SolutionConfigurationPlatforms) = preSolution
		Debug|Any CPU = Debug|Any CPU
		Release|Any CPU = Release|Any CPU
	EndGlobalSection
	GlobalSection(ProjectConfigurationPlatforms) = postSolution
		{9EEE8052-41BA-4F38-9656-2B148DF07618}.Debug|Any CPU.ActiveCfg = Debug|Any CPU
		{9EEE8052-41BA-4F38-9656-2B148DF07618}.Debug|Any CPU.Build.0 = Debug|Any CPU
		{9EEE8052-41BA-4F38-9656-2B148DF07618}.Release|Any CPU.ActiveCfg = Release|Any CPU
		{9EEE8052-41BA-4F38-9656-2B148DF07618}.Release|Any CPU.Build.0 = Release|Any CPU
		{F6010DF6-6AD7-4204-8B78-3A74525FECAA}.Debug|Any CPU.ActiveCfg = Debug|Any CPU
		{F6010DF6-6AD7-4204-8B78-3A74525FECAA}.Debug|Any CPU.Build.0 = Debug|Any CPU
		{F6010DF6-6AD7-4204-8B78-3A74525FECAA}.Release|Any CPU.ActiveCfg = Release|Any CPU
		{F6010DF6-6AD7-4204-8B78-3A74525FECAA}.Release|Any CPU.Build.0 = Release|Any CPU
		{B557B933-4DE6-4079-AACA-162B00FE13AD}.Debug|Any CPU.ActiveCfg = Debug|Any CPU
		{B557B933-4DE6-4079-AACA-162B00FE13AD}.Debug|Any CPU.Build.0 = Debug|Any CPU
		{B557B933-4DE6-4079-AACA-162B00FE13AD}.Release|Any CPU.ActiveCfg = Release|Any CPU
		{B557B933-4DE6-4079-AACA-162B00FE13AD}.Release|Any CPU.Build.0 = Release|Any CPU
	EndGlobalSection
	GlobalSection(SolutionProperties) = preSolution
		HideSolutionNode = FALSE
	EndGlobalSection
	GlobalSection(NestedProjects) = preSolution
		{9EEE8052-41BA-4F38-9656-2B148DF07618} = {A2712E74-E66E-449E-B1BE-95DC9F024F13}
		{F6010DF6-6AD7-4204-8B78-3A74525FECAA} = {CBB83DE9-0988-4D09-A110-BFC68A364CA6}
		{B557B933-4DE6-4079-AACA-162B00FE13AD} = {CBB83DE9-0988-4D09-A110-BFC68A364CA6}
	EndGlobalSection
	GlobalSection(ExtensibilityGlobals) = postSolution
		SolutionGuid = {7DB144D6-0843-4A6B-AC4D-E4FA830E59BC}
	EndGlobalSection
EndGlobal
